
Microsoft Visual Studio Solution File, Format Version 12.00
# Visual Studio 15
VisualStudioVersion = 15.0.27703.2000
MinimumVisualStudioVersion = 10.0.40219.1
Project("{9A19103F-16F7-4668-BE54-9A1E7A4F7556}") = "OAuthService.Domain", "OAuthService.Domain\OAuthService.Domain.csproj", "{9CA715B0-4C37-4713-9AF4-B6038B6DE3D0}"
EndProject
Project("{9A19103F-16F7-4668-BE54-9A1E7A4F7556}") = "OAuthService.Core", "OAuthService.Core\OAuthService.Core.csproj", "{9E1FA733-1942-4441-AFB7-D25B05232E05}"
EndProject
Project("{9A19103F-16F7-4668-BE54-9A1E7A4F7556}") = "OAuthService.Web", "OAuthService.Web\OAuthService.Web.csproj", "{B291D7A0-550E-40EC-849F-9E2569BDA41F}"
EndProject
Global
	GlobalSection(SolutionConfigurationPlatforms) = preSolution
		Debug|Any CPU = Debug|Any CPU
		Release|Any CPU = Release|Any CPU
	EndGlobalSection
	GlobalSection(ProjectConfigurationPlatforms) = postSolution
		{9CA715B0-4C37-4713-9AF4-B6038B6DE3D0}.Debug|Any CPU.ActiveCfg = Debug|Any CPU
		{9CA715B0-4C37-4713-9AF4-B6038B6DE3D0}.Debug|Any CPU.Build.0 = Debug|Any CPU
		{9CA715B0-4C37-4713-9AF4-B6038B6DE3D0}.Release|Any CPU.ActiveCfg = Release|Any CPU
		{9CA715B0-4C37-4713-9AF4-B6038B6DE3D0}.Release|Any CPU.Build.0 = Release|Any CPU
		{9E1FA733-1942-4441-AFB7-D25B05232E05}.Debug|Any CPU.ActiveCfg = Debug|Any CPU
		{9E1FA733-1942-4441-AFB7-D25B05232E05}.Debug|Any CPU.Build.0 = Debug|Any CPU
		{9E1FA733-1942-4441-AFB7-D25B05232E05}.Release|Any CPU.ActiveCfg = Release|Any CPU
		{9E1FA733-1942-4441-AFB7-D25B05232E05}.Release|Any CPU.Build.0 = Release|Any CPU
		{B291D7A0-550E-40EC-849F-9E2569BDA41F}.Debug|Any CPU.ActiveCfg = Debug|Any CPU
		{B291D7A0-550E-40EC-849F-9E2569BDA41F}.Debug|Any CPU.Build.0 = Debug|Any CPU
		{B291D7A0-550E-40EC-849F-9E2569BDA41F}.Release|Any CPU.ActiveCfg = Release|Any CPU
		{B291D7A0-550E-40EC-849F-9E2569BDA41F}.Release|Any CPU.Build.0 = Release|Any CPU
	EndGlobalSection
	GlobalSection(SolutionProperties) = preSolution
		HideSolutionNode = FALSE
	EndGlobalSection
	GlobalSection(ExtensibilityGlobals) = postSolution
		SolutionGuid = {B2433662-0B07-477C-97AF-94ACC9405A24}
	EndGlobalSection
EndGlobal
